
Microsoft Visual Studio Solution File, Format Version 12.00
# Visual Studio Version 17
VisualStudioVersion = 17.5.33414.496
MinimumVisualStudioVersion = 10.0.40219.1
Project("{FAE04EC0-301F-11D3-BF4B-00C04F79EFBC}") = "01System_Encryption_Dcryption_Application", "01System_Encryption_Dcryption_Application\01System_Encryption_Dcryption_Application.csproj", "{ECA28601-8216-4B31-AD35-222B527CF53D}"
EndProject
Global
	GlobalSection(SolutionConfigurationPlatforms) = preSolution
		Debug|Any CPU = Debug|Any CPU
		Release|Any CPU = Release|Any CPU
	EndGlobalSection
	GlobalSection(ProjectConfigurationPlatforms) = postSolution
		{ECA28601-8216-4B31-AD35-222B527CF53D}.Debug|Any CPU.ActiveCfg = Debug|Any CPU
		{ECA28601-8216-4B31-AD35-222B527CF53D}.Debug|Any CPU.Build.0 = Debug|Any CPU
		{ECA28601-8216-4B31-AD35-222B527CF53D}.Release|Any CPU.ActiveCfg = Release|Any CPU
		{ECA28601-8216-4B31-AD35-222B527CF53D}.Release|Any CPU.Build.0 = Release|Any CPU
	EndGlobalSection
	GlobalSection(SolutionProperties) = preSolution
		HideSolutionNode = FALSE
	EndGlobalSection
	GlobalSection(ExtensibilityGlobals) = postSolution
		SolutionGuid = {69CDBBBA-8348-47FE-928F-5558E459CFAB}
	EndGlobalSection
EndGlobal
